
Microsoft Visual Studio Solution File, Format Version 12.00
# Visual Studio Version 17
VisualStudioVersion = 17.13.35931.197 d17.13
MinimumVisualStudioVersion = 10.0.40219.1
Project("{FAE04EC0-301F-11D3-BF4B-00C04F79EFBC}") = "aula16-04", "aula16-04.csproj", "{997D63DA-8A1B-46D7-B884-5A8367E075EB}"
EndProject
Global
	GlobalSection(SolutionConfigurationPlatforms) = preSolution
		Debug|Any CPU = Debug|Any CPU
		Release|Any CPU = Release|Any CPU
	EndGlobalSection
	GlobalSection(ProjectConfigurationPlatforms) = postSolution
		{997D63DA-8A1B-46D7-B884-5A8367E075EB}.Debug|Any CPU.ActiveCfg = Debug|Any CPU
		{997D63DA-8A1B-46D7-B884-5A8367E075EB}.Debug|Any CPU.Build.0 = Debug|Any CPU
		{997D63DA-8A1B-46D7-B884-5A8367E075EB}.Release|Any CPU.ActiveCfg = Release|Any CPU
		{997D63DA-8A1B-46D7-B884-5A8367E075EB}.Release|Any CPU.Build.0 = Release|Any CPU
	EndGlobalSection
	GlobalSection(SolutionProperties) = preSolution
		HideSolutionNode = FALSE
	EndGlobalSection
	GlobalSection(ExtensibilityGlobals) = postSolution
		SolutionGuid = {A0DD88FA-604D-4591-8E03-DE0C2862B70D}
	EndGlobalSection
EndGlobal
